
Microsoft Visual Studio Solution File, Format Version 12.00
# Visual Studio 2013
VisualStudioVersion = 12.0.31101.0
MinimumVisualStudioVersion = 10.0.40219.1
Project("{2150E333-8FDC-42A3-9474-1A3956D46DE8}") = "Composition", "Composition", "{E767E08F-678B-408D-8378-8449A0F7887C}"
EndProject
Project("{2150E333-8FDC-42A3-9474-1A3956D46DE8}") = "Core", "Core", "{C6F9BDA8-CB7A-4107-B24F-A8BD904DE56D}"
	ProjectSection(SolutionItems) = preProject
		Core\AssemblyInfo.cs = Core\AssemblyInfo.cs
	EndProjectSection
EndProject
Project("{2150E333-8FDC-42A3-9474-1A3956D46DE8}") = "Extensions", "Extensions", "{F9D50036-2BE6-49F9-915E-0DB2A7A02076}"
EndProject
Project("{2150E333-8FDC-42A3-9474-1A3956D46DE8}") = "Hosting", "Hosting", "{CA4E9069-E302-494A-8745-D3BE792403E0}"
	ProjectSection(SolutionItems) = preProject
		Hosting\AssemblyInfo.cs = Hosting\AssemblyInfo.cs
	EndProjectSection
EndProject
Project("{2150E333-8FDC-42A3-9474-1A3956D46DE8}") = "Windows", "Windows", "{2BF7069A-778A-4A12-8DE5-2976383121C1}"
	ProjectSection(SolutionItems) = preProject
		Windows\AssemblyInfo.cs = Windows\AssemblyInfo.cs
	EndProjectSection
EndProject
Project("{2150E333-8FDC-42A3-9474-1A3956D46DE8}") = "Solution Items", "Solution Items", "{90ECFFD6-2FA7-4ECB-9C84-2DE9A996CBD2}"
	ProjectSection(SolutionItems) = preProject
		CustomDictionary.xml = CustomDictionary.xml
		fileversion.targets = fileversion.targets
		More.snk = More.snk
		nuget.pack.targets = nuget.pack.targets
		SharedAssemblyInfo.cs = SharedAssemblyInfo.cs
		t4.nuget.targets = t4.nuget.targets
	EndProjectSection
EndProject
Project("{FAE04EC0-301F-11D3-BF4B-00C04F79EFBC}") = "Composition", "Composition\Composition\Composition.csproj", "{4C62C756-3D31-4012-AA79-711DBBD55B9A}"
EndProject
Project("{FAE04EC0-301F-11D3-BF4B-00C04F79EFBC}") = "Core", "Core\Core\Core.csproj", "{1A3F1BC7-4EFE-4442-868F-FB1EF9D5F23D}"
EndProject
Project("{D954291E-2A0B-460D-934E-DC6B0785DB48}") = "CoreEx.Portable.Shared", "Core\CoreEx.Portable.Shared\CoreEx.Portable.Shared.shproj", "{949BD34B-B986-4A75-8EC4-48E4C909DA84}"
EndProject
Project("{D954291E-2A0B-460D-934E-DC6B0785DB48}") = "CoreEx.Shared", "Core\CoreEx.Shared\CoreEx.Shared.shproj", "{84EBE0D1-CC3D-49CF-80E8-86CE39F72430}"
EndProject
Project("{D954291E-2A0B-460D-934E-DC6B0785DB48}") = "CoreEx.WinRT.Shared", "Core\CoreEx.WinRT.Shared\CoreEx.WinRT.Shared.shproj", "{5DCF739C-CA14-4D47-99D8-2896F8FD700C}"
EndProject
Project("{FAE04EC0-301F-11D3-BF4B-00C04F79EFBC}") = "CoreEx.Desktop", "Core\CoreEx.Desktop\CoreEx.Desktop.csproj", "{ABFF6D49-1C8F-4DA5-86ED-07033105981B}"
	ProjectSection(ProjectDependencies) = postProject
		{05F3A2A4-A860-43B3-9BF5-984E326474AD} = {05F3A2A4-A860-43B3-9BF5-984E326474AD}
		{F2A140C5-8779-47D5-9C44-DCF136193727} = {F2A140C5-8779-47D5-9C44-DCF136193727}
	EndProjectSection
EndProject
Project("{FAE04EC0-301F-11D3-BF4B-00C04F79EFBC}") = "CoreEx.Phone", "Core\CoreEx.Phone\CoreEx.Phone.csproj", "{05F3A2A4-A860-43B3-9BF5-984E326474AD}"
EndProject
Project("{FAE04EC0-301F-11D3-BF4B-00C04F79EFBC}") = "CoreEx.Windows", "Core\CoreEx.Windows\CoreEx.Windows.csproj", "{F2A140C5-8779-47D5-9C44-DCF136193727}"
EndProject
Project("{2150E333-8FDC-42A3-9474-1A3956D46DE8}") = "Tests", "Tests", "{84FB0D74-8118-4337-9E8D-7EA8C2085A11}"
	ProjectSection(SolutionItems) = preProject
		Tests\StubExtensions.cs = Tests\StubExtensions.cs
	EndProjectSection
EndProject
Project("{FAE04EC0-301F-11D3-BF4B-00C04F79EFBC}") = "Core.Tests", "Tests\Core.Tests\Core.Tests.csproj", "{92F91B0C-F00D-4CD5-920F-551EE938DAF1}"
EndProject
Project("{FAE04EC0-301F-11D3-BF4B-00C04F79EFBC}") = "Editors.Tests", "Tests\Editors.Tests\Editors.Tests.csproj", "{4220B8DE-55F9-4DED-AF4D-724C347B623C}"
EndProject
Project("{D954291E-2A0B-460D-934E-DC6B0785DB48}") = "Windows.Shared", "Windows\Windows.Shared\Windows.Shared.shproj", "{7BAC15C3-94F3-4630-A109-56E6872D6E8F}"
EndProject
Project("{D954291E-2A0B-460D-934E-DC6B0785DB48}") = "Windows.WinRT.Shared", "Windows\Windows.WinRT.Shared\Windows.WinRT.Shared.shproj", "{B8E8A033-154F-4866-82F6-A28ADCF460D6}"
EndProject
Project("{FAE04EC0-301F-11D3-BF4B-00C04F79EFBC}") = "Windows.Desktop", "Windows\Windows.Desktop\Windows.Desktop.csproj", "{116FCD14-4C55-418B-B925-7B1600B2B667}"
	ProjectSection(ProjectDependencies) = postProject
		{F99D0F2D-5DAA-4040-A2EA-4AA7CBF90043} = {F99D0F2D-5DAA-4040-A2EA-4AA7CBF90043}
		{BFC50995-6E56-4BDF-B4DF-41BE95C2CF56} = {BFC50995-6E56-4BDF-B4DF-41BE95C2CF56}
	EndProjectSection
EndProject
Project("{FAE04EC0-301F-11D3-BF4B-00C04F79EFBC}") = "Windows.Phone", "Windows\Windows.Phone\Windows.Phone.csproj", "{F99D0F2D-5DAA-4040-A2EA-4AA7CBF90043}"
EndProject
Project("{FAE04EC0-301F-11D3-BF4B-00C04F79EFBC}") = "Windows.Store", "Windows\Windows.Store\Windows.Store.csproj", "{BFC50995-6E56-4BDF-B4DF-41BE95C2CF56}"
EndProject
Project("{D954291E-2A0B-460D-934E-DC6B0785DB48}") = "Hosting.Shared", "Hosting\Hosting.Shared\Hosting.Shared.shproj", "{4C20FCB1-70CF-4962-848B-F0F779B1666A}"
EndProject
Project("{D954291E-2A0B-460D-934E-DC6B0785DB48}") = "Hosting.Windows.Shared", "Hosting\Hosting.Windows.Shared\Hosting.Windows.Shared.shproj", "{8D2A422E-0776-4B58-8FA4-6C4EC569AAEF}"
EndProject
Project("{D954291E-2A0B-460D-934E-DC6B0785DB48}") = "Hosting.WinRT.Shared", "Hosting\Hosting.WinRT.Shared\Hosting.WinRT.Shared.shproj", "{75D2E396-DBCD-4AD4-988B-2B5438E9C71B}"
EndProject
Project("{D954291E-2A0B-460D-934E-DC6B0785DB48}") = "Hosting.NetFx.Shared", "Hosting\Hosting.NetFx.Shared\Hosting.NetFx.Shared.shproj", "{71F53D96-49E0-48B8-B959-BE14D6EA2FDF}"
EndProject
Project("{FAE04EC0-301F-11D3-BF4B-00C04F79EFBC}") = "Hosting.Desktop", "Hosting\Hosting.Desktop\Hosting.Desktop.csproj", "{DD854ECF-0CB7-4D60-A9A1-EE67913B50DB}"
	ProjectSection(ProjectDependencies) = postProject
		{F6D310CE-339C-4B5A-98CE-5D4B28BF7013} = {F6D310CE-339C-4B5A-98CE-5D4B28BF7013}
		{18A0EFD5-519B-44AB-A84F-80E667B756A9} = {18A0EFD5-519B-44AB-A84F-80E667B756A9}
	EndProjectSection
EndProject
Project("{FAE04EC0-301F-11D3-BF4B-00C04F79EFBC}") = "Hosting.Phone", "Hosting\Hosting.Phone\Hosting.Phone.csproj", "{F6D310CE-339C-4B5A-98CE-5D4B28BF7013}"
EndProject
Project("{FAE04EC0-301F-11D3-BF4B-00C04F79EFBC}") = "Hosting.Store", "Hosting\Hosting.Store\Hosting.Store.csproj", "{18A0EFD5-519B-44AB-A84F-80E667B756A9}"
EndProject
Project("{FAE04EC0-301F-11D3-BF4B-00C04F79EFBC}") = "Hosting.Web", "Hosting\Hosting.Web\Hosting.Web.csproj", "{3C56D5DC-4806-42BB-A777-7D0BFE36A57E}"
EndProject
Project("{2150E333-8FDC-42A3-9474-1A3956D46DE8}") = "Templates", "Templates", "{4E2A3B5D-8D0E-4873-96E0-B6299631039A}"
EndProject
Project("{FAE04EC0-301F-11D3-BF4B-00C04F79EFBC}") = "Editors", "Extensions\Editors\Editors.csproj", "{4A4B2737-1171-4378-A02A-F977F049CE82}"
EndProject
Project("{FAE04EC0-301F-11D3-BF4B-00C04F79EFBC}") = "Wizards", "Extensions\Wizards\Wizards.csproj", "{C309BD97-17E7-4539-9AF6-9F01E2E13D6F}"
EndProject
Project("{2150E333-8FDC-42A3-9474-1A3956D46DE8}") = "Desktop", "Desktop", "{A45A53D5-4A0F-4E54-B37B-23E625C6736A}"
EndProject
Project("{2150E333-8FDC-42A3-9474-1A3956D46DE8}") = "Phone", "Phone", "{A2FA32E3-B962-41CF-80CA-BFD7630CB557}"
EndProject
Project("{2150E333-8FDC-42A3-9474-1A3956D46DE8}") = "Store", "Store", "{A991476E-005C-45CF-8F70-A7645F8FCDFB}"
EndProject
Project("{2150E333-8FDC-42A3-9474-1A3956D46DE8}") = "Items", "Items", "{94306C20-3D5F-4AD0-93EF-F1FB87BB30C7}"
EndProject
Project("{2150E333-8FDC-42A3-9474-1A3956D46DE8}") = "Projects", "Projects", "{AB5116E6-F29A-4487-A075-7D84134C34D5}"
EndProject
Project("{2150E333-8FDC-42A3-9474-1A3956D46DE8}") = "Items", "Items", "{718F917C-13E1-4AF7-8B1C-B4677F39CCC9}"
EndProject
Project("{2150E333-8FDC-42A3-9474-1A3956D46DE8}") = "Projects", "Projects", "{96AADAAC-285A-427B-8587-92DA4F5D34D5}"
EndProject
Project("{2150E333-8FDC-42A3-9474-1A3956D46DE8}") = "Items", "Items", "{E8115C6F-A17B-4551-9D61-7274E6D6CF84}"
EndProject
Project("{2150E333-8FDC-42A3-9474-1A3956D46DE8}") = "Projects", "Projects", "{0C95B5A6-04B7-41A2-BC68-446E0381C663}"
EndProject
Project("{FAE04EC0-301F-11D3-BF4B-00C04F79EFBC}") = "EfDbContext", "Extensions\Templates\Desktop\Items\EfDbContext\EfDbContext.csproj", "{43630AD0-73D0-40F0-A083-5E2C2FEBC326}"
EndProject
Project("{FAE04EC0-301F-11D3-BF4B-00C04F79EFBC}") = "WpfChildWindowViewModel", "Extensions\Templates\Desktop\Items\WpfChildWindowViewModel\WpfChildWindowViewModel.csproj", "{1FA7DA2D-F0DF-4655-80D1-0C01B66B35A8}"
EndProject
Project("{FAE04EC0-301F-11D3-BF4B-00C04F79EFBC}") = "WpfInteractionViewModel", "Extensions\Templates\Desktop\Items\WpfInteractionViewModel\WpfInteractionViewModel.csproj", "{BAB63221-4F76-4581-860B-A04691B5DA67}"
EndProject
Project("{FAE04EC0-301F-11D3-BF4B-00C04F79EFBC}") = "WpfUserControlView", "Extensions\Templates\Desktop\Items\WpfUserControlView\WpfUserControlView.csproj", "{8C08AE5A-3809-45AD-8118-AE256419ECE2}"
EndProject
Project("{FAE04EC0-301F-11D3-BF4B-00C04F79EFBC}") = "WpfViewModel", "Extensions\Templates\Desktop\Items\WpfViewModel\WpfViewModel.csproj", "{504B712B-5C1C-4A67-97A4-DD99A469F702}"
EndProject
Project("{FAE04EC0-301F-11D3-BF4B-00C04F79EFBC}") = "WpfWindowShellView", "Extensions\Templates\Desktop\Items\WpfWindowShellView\WpfWindowShellView.csproj", "{F5095CE4-67A1-4F69-86D6-905E00445144}"
EndProject
Project("{FAE04EC0-301F-11D3-BF4B-00C04F79EFBC}") = "WpfWindowViewModel", "Extensions\Templates\Desktop\Items\WpfWindowViewModel\WpfWindowViewModel.csproj", "{5146654A-24A8-41F1-98DF-06003169D86D}"
EndProject
Project("{FAE04EC0-301F-11D3-BF4B-00C04F79EFBC}") = "WpfWindowView", "Extensions\Templates\Desktop\Items\WpfWindowView\WpfWindowView.csproj", "{1129F23D-52DB-4E16-B3C3-BFF93964C8A6}"
EndProject
Project("{FAE04EC0-301F-11D3-BF4B-00C04F79EFBC}") = "WpfApplication", "Extensions\Templates\Desktop\Projects\WpfApplication\WpfApplication.csproj", "{66188710-03DD-4226-A6CA-1D2BE072CD02}"
EndProject
Project("{FAE04EC0-301F-11D3-BF4B-00C04F79EFBC}") = "WpBlankPageView", "Extensions\Templates\Phone\Items\WpBlankPageView\WpBlankPageView.csproj", "{336D7DE3-32D8-464E-9884-68E0F571C6D4}"
EndProject
Project("{FAE04EC0-301F-11D3-BF4B-00C04F79EFBC}") = "WpInteractionViewModel", "Extensions\Templates\Phone\Items\WpInteractionViewModel\WpInteractionViewModel.csproj", "{62AC5515-17DC-412B-BA7B-F96AEF78AFF3}"
EndProject
Project("{FAE04EC0-301F-11D3-BF4B-00C04F79EFBC}") = "WpPageViewModel", "Extensions\Templates\Phone\Items\WpPageViewModel\WpPageViewModel.csproj", "{7E0F2CF7-FFCD-4113-9CBA-EADEEAD933E8}"
EndProject
Project("{FAE04EC0-301F-11D3-BF4B-00C04F79EFBC}") = "WpUserControlView", "Extensions\Templates\Phone\Items\WpUserControlView\WpUserControlView.csproj", "{11ADEAD2-CF50-47B2-94E4-9572C4B59283}"
EndProject
Project("{FAE04EC0-301F-11D3-BF4B-00C04F79EFBC}") = "WpViewModel", "Extensions\Templates\Phone\Items\WpViewModel\WpViewModel.csproj", "{7CD98233-5528-4BE6-8299-17DF3BC9DA4E}"
EndProject
Project("{FAE04EC0-301F-11D3-BF4B-00C04F79EFBC}") = "WpApplication", "Extensions\Templates\Phone\Projects\WpApplication\WpApplication.csproj", "{0ECE0842-1AAA-433F-858F-5DAF221AA9C0}"
EndProject
Project("{FAE04EC0-301F-11D3-BF4B-00C04F79EFBC}") = "WsBlankPageView", "Extensions\Templates\Store\Items\WsBlankPageView\WsBlankPageView.csproj", "{A9ADBFA6-E7D4-424A-A1E8-592DF2D34FF3}"
EndProject
Project("{FAE04EC0-301F-11D3-BF4B-00C04F79EFBC}") = "WsInteractionViewModel", "Extensions\Templates\Store\Items\WsInteractionViewModel\WsInteractionViewModel.csproj", "{22A0F29D-B272-412E-B108-F539AF3E01C6}"
EndProject
Project("{FAE04EC0-301F-11D3-BF4B-00C04F79EFBC}") = "WsPageViewModel", "Extensions\Templates\Store\Items\WsPageViewModel\WsPageViewModel.csproj", "{3F4AB3CD-15A2-4D5F-B7D7-CB1407AB74E9}"
EndProject
Project("{FAE04EC0-301F-11D3-BF4B-00C04F79EFBC}") = "WsSettingsFlyout", "Extensions\Templates\Store\Items\WsSettingsFlyout\WsSettingsFlyout.csproj", "{D208B9B3-6ED5-4C36-831F-FD067C3B8DF4}"
EndProject
Project("{FAE04EC0-301F-11D3-BF4B-00C04F79EFBC}") = "WsUserControlView", "Extensions\Templates\Store\Items\WsUserControlView\WsUserControlView.csproj", "{4735F948-A4FD-481A-AF03-7FF88917E3C6}"
EndProject
Project("{FAE04EC0-301F-11D3-BF4B-00C04F79EFBC}") = "WsViewModel", "Extensions\Templates\Store\Items\WsViewModel\WsViewModel.csproj", "{5FDA94E9-3EED-4FF1-92DD-5F8DAF20D9F4}"
EndProject
Project("{FAE04EC0-301F-11D3-BF4B-00C04F79EFBC}") = "WsBlankApplication", "Extensions\Templates\Store\Projects\WsBlankApplication\WsBlankApplication.csproj", "{9776E03C-DA9A-49C9-A8BE-7542DA645896}"
EndProject
Project("{FAE04EC0-301F-11D3-BF4B-00C04F79EFBC}") = "Vsix", "Extensions\Vsix\Vsix.csproj", "{4DAC9CAF-5504-4C51-8D80-7003D6429BDA}"
EndProject
Project("{2150E333-8FDC-42A3-9474-1A3956D46DE8}") = ".nuget", ".nuget", "{55EA8494-5543-461A-9FC5-B6CBEE3E08D1}"
	ProjectSection(SolutionItems) = preProject
		.nuget\packages.config = .nuget\packages.config
	EndProjectSection
EndProject
Project("{2150E333-8FDC-42A3-9474-1A3956D46DE8}") = "Build", "Build", "{D1E261E9-81BB-4447-B94D-796FE9E46F2F}"
EndProject
Project("{FAE04EC0-301F-11D3-BF4B-00C04F79EFBC}") = "CustomTasks", "Build\CustomTasks\CustomTasks.csproj", "{AC247DC9-7E7C-4DDE-80E2-7384A64D79F0}"
EndProject
Project("{2150E333-8FDC-42A3-9474-1A3956D46DE8}") = "bin", "bin", "{CA19159A-9E56-4140-B33D-74F715BCB457}"
	ProjectSection(SolutionItems) = preProject
		Build\bin\Microsoft.CodeAnalysis.CSharp.Desktop.dll = Build\bin\Microsoft.CodeAnalysis.CSharp.Desktop.dll
		Build\bin\Microsoft.CodeAnalysis.CSharp.dll = Build\bin\Microsoft.CodeAnalysis.CSharp.dll
		Build\bin\Microsoft.CodeAnalysis.CSharp.Workspaces.Desktop.dll = Build\bin\Microsoft.CodeAnalysis.CSharp.Workspaces.Desktop.dll
		Build\bin\Microsoft.CodeAnalysis.CSharp.Workspaces.dll = Build\bin\Microsoft.CodeAnalysis.CSharp.Workspaces.dll
		Build\bin\Microsoft.CodeAnalysis.Desktop.dll = Build\bin\Microsoft.CodeAnalysis.Desktop.dll
		Build\bin\Microsoft.CodeAnalysis.dll = Build\bin\Microsoft.CodeAnalysis.dll
		Build\bin\Microsoft.CodeAnalysis.Workspaces.Desktop.dll = Build\bin\Microsoft.CodeAnalysis.Workspaces.Desktop.dll
		Build\bin\Microsoft.CodeAnalysis.Workspaces.dll = Build\bin\Microsoft.CodeAnalysis.Workspaces.dll
		Build\bin\More.Build.Tasks.dll = Build\bin\More.Build.Tasks.dll
		Build\bin\System.Collections.Immutable.dll = Build\bin\System.Collections.Immutable.dll
		Build\bin\System.Composition.AttributedModel.dll = Build\bin\System.Composition.AttributedModel.dll
		Build\bin\System.Composition.Convention.dll = Build\bin\System.Composition.Convention.dll
		Build\bin\System.Composition.Hosting.dll = Build\bin\System.Composition.Hosting.dll
		Build\bin\System.Composition.Runtime.dll = Build\bin\System.Composition.Runtime.dll
		Build\bin\System.Composition.TypedParts.dll = Build\bin\System.Composition.TypedParts.dll
		Build\bin\System.Reflection.Metadata.dll = Build\bin\System.Reflection.Metadata.dll
	EndProjectSection
EndProject
Global
	GlobalSection(SharedMSBuildProjectFiles) = preSolution
		Hosting\Hosting.WinRT.Shared\Hosting.WinRT.Shared.projitems*{75d2e396-dbcd-4ad4-988b-2b5438e9c71b}*SharedItemsImports = 13
		Hosting\Hosting.NetFx.Shared\Hosting.NetFx.Shared.projitems*{71f53d96-49e0-48b8-b959-be14d6ea2fdf}*SharedItemsImports = 13
		Windows\Windows.Shared\Windows.Shared.projitems*{bfc50995-6e56-4bdf-b4df-41be95c2cf56}*SharedItemsImports = 4
		Windows\Windows.WinRT.Shared\Windows.WinRT.Shared.projitems*{bfc50995-6e56-4bdf-b4df-41be95c2cf56}*SharedItemsImports = 4
		Hosting\Hosting.Shared\Hosting.Shared.projitems*{f6d310ce-339c-4b5a-98ce-5d4b28bf7013}*SharedItemsImports = 4
		Hosting\Hosting.WinRT.Shared\Hosting.WinRT.Shared.projitems*{f6d310ce-339c-4b5a-98ce-5d4b28bf7013}*SharedItemsImports = 4
		Hosting\Hosting.Windows.Shared\Hosting.Windows.Shared.projitems*{f6d310ce-339c-4b5a-98ce-5d4b28bf7013}*SharedItemsImports = 4
		Core\CoreEx.WinRT.Shared\CoreEx.WinRT.Shared.projitems*{f2a140c5-8779-47d5-9c44-dcf136193727}*SharedItemsImports = 4
		Core\CoreEx.Shared\CoreEx.Shared.projitems*{f2a140c5-8779-47d5-9c44-dcf136193727}*SharedItemsImports = 4
		Core\CoreEx.Portable.Shared\CoreEx.Portable.Shared.projitems*{f2a140c5-8779-47d5-9c44-dcf136193727}*SharedItemsImports = 4
		Core\CoreEx.Shared\CoreEx.Shared.projitems*{abff6d49-1c8f-4da5-86ed-07033105981b}*SharedItemsImports = 4
		Core\CoreEx.Portable.Shared\CoreEx.Portable.Shared.projitems*{abff6d49-1c8f-4da5-86ed-07033105981b}*SharedItemsImports = 4
		Windows\Windows.Shared\Windows.Shared.projitems*{7bac15c3-94f3-4630-a109-56e6872d6e8f}*SharedItemsImports = 13
		Core\CoreEx.WinRT.Shared\CoreEx.WinRT.Shared.projitems*{5dcf739c-ca14-4d47-99d8-2896f8fd700c}*SharedItemsImports = 13
		Hosting\Hosting.Shared\Hosting.Shared.projitems*{18a0efd5-519b-44ab-a84f-80e667b756a9}*SharedItemsImports = 4
		Hosting\Hosting.WinRT.Shared\Hosting.WinRT.Shared.projitems*{18a0efd5-519b-44ab-a84f-80e667b756a9}*SharedItemsImports = 4
		Hosting\Hosting.Windows.Shared\Hosting.Windows.Shared.projitems*{18a0efd5-519b-44ab-a84f-80e667b756a9}*SharedItemsImports = 4
		Hosting\Hosting.Shared\Hosting.Shared.projitems*{4c20fcb1-70cf-4962-848b-f0f779b1666a}*SharedItemsImports = 13
		Core\CoreEx.Shared\CoreEx.Shared.projitems*{84ebe0d1-cc3d-49cf-80e8-86ce39f72430}*SharedItemsImports = 13
		Hosting\Hosting.Windows.Shared\Hosting.Windows.Shared.projitems*{8d2a422e-0776-4b58-8fa4-6c4ec569aaef}*SharedItemsImports = 13
		Windows\Windows.Shared\Windows.Shared.projitems*{f99d0f2d-5daa-4040-a2ea-4aa7cbf90043}*SharedItemsImports = 4
		Windows\Windows.WinRT.Shared\Windows.WinRT.Shared.projitems*{f99d0f2d-5daa-4040-a2ea-4aa7cbf90043}*SharedItemsImports = 4
		Hosting\Hosting.NetFx.Shared\Hosting.NetFx.Shared.projitems*{3c56d5dc-4806-42bb-a777-7d0bfe36a57e}*SharedItemsImports = 4
		Windows\Windows.WinRT.Shared\Windows.WinRT.Shared.projitems*{b8e8a033-154f-4866-82f6-a28adcf460d6}*SharedItemsImports = 13
		Windows\Windows.Shared\Windows.Shared.projitems*{116fcd14-4c55-418b-b925-7b1600b2b667}*SharedItemsImports = 4
		Core\CoreEx.WinRT.Shared\CoreEx.WinRT.Shared.projitems*{05f3a2a4-a860-43b3-9bf5-984e326474ad}*SharedItemsImports = 4
		Core\CoreEx.Shared\CoreEx.Shared.projitems*{05f3a2a4-a860-43b3-9bf5-984e326474ad}*SharedItemsImports = 4
		Hosting\Hosting.NetFx.Shared\Hosting.NetFx.Shared.projitems*{dd854ecf-0cb7-4d60-a9a1-ee67913b50db}*SharedItemsImports = 4
		Hosting\Hosting.Shared\Hosting.Shared.projitems*{dd854ecf-0cb7-4d60-a9a1-ee67913b50db}*SharedItemsImports = 4
		Hosting\Hosting.Windows.Shared\Hosting.Windows.Shared.projitems*{dd854ecf-0cb7-4d60-a9a1-ee67913b50db}*SharedItemsImports = 4
		Core\CoreEx.Portable.Shared\CoreEx.Portable.Shared.projitems*{949bd34b-b986-4a75-8ec4-48e4c909da84}*SharedItemsImports = 13
	EndGlobalSection
	GlobalSection(SolutionConfigurationPlatforms) = preSolution
		Debug|Any CPU = Debug|Any CPU
		Debug|ARM = Debug|ARM
		Debug|x64 = Debug|x64
		Debug|x86 = Debug|x86
		Release|Any CPU = Release|Any CPU
		Release|ARM = Release|ARM
		Release|x64 = Release|x64
		Release|x86 = Release|x86
	EndGlobalSection
	GlobalSection(ProjectConfigurationPlatforms) = postSolution
		{4C62C756-3D31-4012-AA79-711DBBD55B9A}.Debug|Any CPU.ActiveCfg = Debug|Any CPU
		{4C62C756-3D31-4012-AA79-711DBBD55B9A}.Debug|Any CPU.Build.0 = Debug|Any CPU
		{4C62C756-3D31-4012-AA79-711DBBD55B9A}.Debug|ARM.ActiveCfg = Debug|Any CPU
		{4C62C756-3D31-4012-AA79-711DBBD55B9A}.Debug|x64.ActiveCfg = Debug|Any CPU
		{4C62C756-3D31-4012-AA79-711DBBD55B9A}.Debug|x86.ActiveCfg = Debug|Any CPU
		{4C62C756-3D31-4012-AA79-711DBBD55B9A}.Release|Any CPU.ActiveCfg = Release|Any CPU
		{4C62C756-3D31-4012-AA79-711DBBD55B9A}.Release|Any CPU.Build.0 = Release|Any CPU
		{4C62C756-3D31-4012-AA79-711DBBD55B9A}.Release|ARM.ActiveCfg = Release|Any CPU
		{4C62C756-3D31-4012-AA79-711DBBD55B9A}.Release|x64.ActiveCfg = Release|Any CPU
		{4C62C756-3D31-4012-AA79-711DBBD55B9A}.Release|x86.ActiveCfg = Release|Any CPU
		{1A3F1BC7-4EFE-4442-868F-FB1EF9D5F23D}.Debug|Any CPU.ActiveCfg = Debug|Any CPU
		{1A3F1BC7-4EFE-4442-868F-FB1EF9D5F23D}.Debug|Any CPU.Build.0 = Debug|Any CPU
		{1A3F1BC7-4EFE-4442-868F-FB1EF9D5F23D}.Debug|ARM.ActiveCfg = Debug|Any CPU
		{1A3F1BC7-4EFE-4442-868F-FB1EF9D5F23D}.Debug|x64.ActiveCfg = Debug|Any CPU
		{1A3F1BC7-4EFE-4442-868F-FB1EF9D5F23D}.Debug|x86.ActiveCfg = Debug|Any CPU
		{1A3F1BC7-4EFE-4442-868F-FB1EF9D5F23D}.Release|Any CPU.ActiveCfg = Release|Any CPU
		{1A3F1BC7-4EFE-4442-868F-FB1EF9D5F23D}.Release|Any CPU.Build.0 = Release|Any CPU
		{1A3F1BC7-4EFE-4442-868F-FB1EF9D5F23D}.Release|ARM.ActiveCfg = Release|Any CPU
		{1A3F1BC7-4EFE-4442-868F-FB1EF9D5F23D}.Release|x64.ActiveCfg = Release|Any CPU
		{1A3F1BC7-4EFE-4442-868F-FB1EF9D5F23D}.Release|x86.ActiveCfg = Release|Any CPU
		{ABFF6D49-1C8F-4DA5-86ED-07033105981B}.Debug|Any CPU.ActiveCfg = Debug|Any CPU
		{ABFF6D49-1C8F-4DA5-86ED-07033105981B}.Debug|Any CPU.Build.0 = Debug|Any CPU
		{ABFF6D49-1C8F-4DA5-86ED-07033105981B}.Debug|ARM.ActiveCfg = Debug|Any CPU
		{ABFF6D49-1C8F-4DA5-86ED-07033105981B}.Debug|x64.ActiveCfg = Debug|Any CPU
		{ABFF6D49-1C8F-4DA5-86ED-07033105981B}.Debug|x86.ActiveCfg = Debug|Any CPU
		{ABFF6D49-1C8F-4DA5-86ED-07033105981B}.Release|Any CPU.ActiveCfg = Release|Any CPU
		{ABFF6D49-1C8F-4DA5-86ED-07033105981B}.Release|Any CPU.Build.0 = Release|Any CPU
		{ABFF6D49-1C8F-4DA5-86ED-07033105981B}.Release|ARM.ActiveCfg = Release|Any CPU
		{ABFF6D49-1C8F-4DA5-86ED-07033105981B}.Release|x64.ActiveCfg = Release|Any CPU
		{ABFF6D49-1C8F-4DA5-86ED-07033105981B}.Release|x86.ActiveCfg = Release|Any CPU
		{05F3A2A4-A860-43B3-9BF5-984E326474AD}.Debug|Any CPU.ActiveCfg = Debug|Any CPU
		{05F3A2A4-A860-43B3-9BF5-984E326474AD}.Debug|Any CPU.Build.0 = Debug|Any CPU
		{05F3A2A4-A860-43B3-9BF5-984E326474AD}.Debug|ARM.ActiveCfg = Debug|ARM
		{05F3A2A4-A860-43B3-9BF5-984E326474AD}.Debug|ARM.Build.0 = Debug|ARM
		{05F3A2A4-A860-43B3-9BF5-984E326474AD}.Debug|x64.ActiveCfg = Debug|Any CPU
		{05F3A2A4-A860-43B3-9BF5-984E326474AD}.Debug|x86.ActiveCfg = Debug|x86
		{05F3A2A4-A860-43B3-9BF5-984E326474AD}.Debug|x86.Build.0 = Debug|x86
		{05F3A2A4-A860-43B3-9BF5-984E326474AD}.Release|Any CPU.ActiveCfg = Release|Any CPU
		{05F3A2A4-A860-43B3-9BF5-984E326474AD}.Release|Any CPU.Build.0 = Release|Any CPU
		{05F3A2A4-A860-43B3-9BF5-984E326474AD}.Release|ARM.ActiveCfg = Release|ARM
		{05F3A2A4-A860-43B3-9BF5-984E326474AD}.Release|ARM.Build.0 = Release|ARM
		{05F3A2A4-A860-43B3-9BF5-984E326474AD}.Release|x64.ActiveCfg = Release|Any CPU
		{05F3A2A4-A860-43B3-9BF5-984E326474AD}.Release|x86.ActiveCfg = Release|x86
		{05F3A2A4-A860-43B3-9BF5-984E326474AD}.Release|x86.Build.0 = Release|x86
		{F2A140C5-8779-47D5-9C44-DCF136193727}.Debug|Any CPU.ActiveCfg = Debug|Any CPU
		{F2A140C5-8779-47D5-9C44-DCF136193727}.Debug|Any CPU.Build.0 = Debug|Any CPU
		{F2A140C5-8779-47D5-9C44-DCF136193727}.Debug|ARM.ActiveCfg = Debug|Any CPU
		{F2A140C5-8779-47D5-9C44-DCF136193727}.Debug|x64.ActiveCfg = Debug|Any CPU
		{F2A140C5-8779-47D5-9C44-DCF136193727}.Debug|x86.ActiveCfg = Debug|Any CPU
		{F2A140C5-8779-47D5-9C44-DCF136193727}.Release|Any CPU.ActiveCfg = Release|Any CPU
		{F2A140C5-8779-47D5-9C44-DCF136193727}.Release|Any CPU.Build.0 = Release|Any CPU
		{F2A140C5-8779-47D5-9C44-DCF136193727}.Release|ARM.ActiveCfg = Release|Any CPU
		{F2A140C5-8779-47D5-9C44-DCF136193727}.Release|x64.ActiveCfg = Release|Any CPU
		{F2A140C5-8779-47D5-9C44-DCF136193727}.Release|x86.ActiveCfg = Release|Any CPU
		{92F91B0C-F00D-4CD5-920F-551EE938DAF1}.Debug|Any CPU.ActiveCfg = Debug|Any CPU
		{92F91B0C-F00D-4CD5-920F-551EE938DAF1}.Debug|Any CPU.Build.0 = Debug|Any CPU
		{92F91B0C-F00D-4CD5-920F-551EE938DAF1}.Debug|ARM.ActiveCfg = Debug|Any CPU
		{92F91B0C-F00D-4CD5-920F-551EE938DAF1}.Debug|x64.ActiveCfg = Debug|Any CPU
		{92F91B0C-F00D-4CD5-920F-551EE938DAF1}.Debug|x86.ActiveCfg = Debug|Any CPU
		{92F91B0C-F00D-4CD5-920F-551EE938DAF1}.Release|Any CPU.ActiveCfg = Release|Any CPU
		{92F91B0C-F00D-4CD5-920F-551EE938DAF1}.Release|Any CPU.Build.0 = Release|Any CPU
		{92F91B0C-F00D-4CD5-920F-551EE938DAF1}.Release|ARM.ActiveCfg = Release|Any CPU
		{92F91B0C-F00D-4CD5-920F-551EE938DAF1}.Release|x64.ActiveCfg = Release|Any CPU
		{92F91B0C-F00D-4CD5-920F-551EE938DAF1}.Release|x86.ActiveCfg = Release|Any CPU
		{4220B8DE-55F9-4DED-AF4D-724C347B623C}.Debug|Any CPU.ActiveCfg = Debug|Any CPU
		{4220B8DE-55F9-4DED-AF4D-724C347B623C}.Debug|Any CPU.Build.0 = Debug|Any CPU
		{4220B8DE-55F9-4DED-AF4D-724C347B623C}.Debug|ARM.ActiveCfg = Debug|Any CPU
		{4220B8DE-55F9-4DED-AF4D-724C347B623C}.Debug|x64.ActiveCfg = Debug|Any CPU
		{4220B8DE-55F9-4DED-AF4D-724C347B623C}.Debug|x86.ActiveCfg = Debug|Any CPU
		{4220B8DE-55F9-4DED-AF4D-724C347B623C}.Release|Any CPU.ActiveCfg = Release|Any CPU
		{4220B8DE-55F9-4DED-AF4D-724C347B623C}.Release|Any CPU.Build.0 = Release|Any CPU
		{4220B8DE-55F9-4DED-AF4D-724C347B623C}.Release|ARM.ActiveCfg = Release|Any CPU
		{4220B8DE-55F9-4DED-AF4D-724C347B623C}.Release|x64.ActiveCfg = Release|Any CPU
		{4220B8DE-55F9-4DED-AF4D-724C347B623C}.Release|x86.ActiveCfg = Release|Any CPU
		{116FCD14-4C55-418B-B925-7B1600B2B667}.Debug|Any CPU.ActiveCfg = Debug|Any CPU
		{116FCD14-4C55-418B-B925-7B1600B2B667}.Debug|Any CPU.Build.0 = Debug|Any CPU
		{116FCD14-4C55-418B-B925-7B1600B2B667}.Debug|ARM.ActiveCfg = Debug|Any CPU
		{116FCD14-4C55-418B-B925-7B1600B2B667}.Debug|x64.ActiveCfg = Debug|Any CPU
		{116FCD14-4C55-418B-B925-7B1600B2B667}.Debug|x86.ActiveCfg = Debug|Any CPU
		{116FCD14-4C55-418B-B925-7B1600B2B667}.Release|Any CPU.ActiveCfg = Release|Any CPU
		{116FCD14-4C55-418B-B925-7B1600B2B667}.Release|Any CPU.Build.0 = Release|Any CPU
		{116FCD14-4C55-418B-B925-7B1600B2B667}.Release|ARM.ActiveCfg = Release|Any CPU
		{116FCD14-4C55-418B-B925-7B1600B2B667}.Release|x64.ActiveCfg = Release|Any CPU
		{116FCD14-4C55-418B-B925-7B1600B2B667}.Release|x86.ActiveCfg = Release|Any CPU
		{F99D0F2D-5DAA-4040-A2EA-4AA7CBF90043}.Debug|Any CPU.ActiveCfg = Debug|Any CPU
		{F99D0F2D-5DAA-4040-A2EA-4AA7CBF90043}.Debug|Any CPU.Build.0 = Debug|Any CPU
		{F99D0F2D-5DAA-4040-A2EA-4AA7CBF90043}.Debug|ARM.ActiveCfg = Debug|ARM
		{F99D0F2D-5DAA-4040-A2EA-4AA7CBF90043}.Debug|ARM.Build.0 = Debug|ARM
		{F99D0F2D-5DAA-4040-A2EA-4AA7CBF90043}.Debug|x64.ActiveCfg = Debug|Any CPU
		{F99D0F2D-5DAA-4040-A2EA-4AA7CBF90043}.Debug|x86.ActiveCfg = Debug|x86
		{F99D0F2D-5DAA-4040-A2EA-4AA7CBF90043}.Debug|x86.Build.0 = Debug|x86
		{F99D0F2D-5DAA-4040-A2EA-4AA7CBF90043}.Release|Any CPU.ActiveCfg = Release|Any CPU
		{F99D0F2D-5DAA-4040-A2EA-4AA7CBF90043}.Release|Any CPU.Build.0 = Release|Any CPU
		{F99D0F2D-5DAA-4040-A2EA-4AA7CBF90043}.Release|ARM.ActiveCfg = Release|ARM
		{F99D0F2D-5DAA-4040-A2EA-4AA7CBF90043}.Release|ARM.Build.0 = Release|ARM
		{F99D0F2D-5DAA-4040-A2EA-4AA7CBF90043}.Release|x64.ActiveCfg = Release|Any CPU
		{F99D0F2D-5DAA-4040-A2EA-4AA7CBF90043}.Release|x86.ActiveCfg = Release|x86
		{F99D0F2D-5DAA-4040-A2EA-4AA7CBF90043}.Release|x86.Build.0 = Release|x86
		{BFC50995-6E56-4BDF-B4DF-41BE95C2CF56}.Debug|Any CPU.ActiveCfg = Debug|Any CPU
		{BFC50995-6E56-4BDF-B4DF-41BE95C2CF56}.Debug|Any CPU.Build.0 = Debug|Any CPU
		{BFC50995-6E56-4BDF-B4DF-41BE95C2CF56}.Debug|ARM.ActiveCfg = Debug|ARM
		{BFC50995-6E56-4BDF-B4DF-41BE95C2CF56}.Debug|ARM.Build.0 = Debug|ARM
		{BFC50995-6E56-4BDF-B4DF-41BE95C2CF56}.Debug|x64.ActiveCfg = Debug|x64
		{BFC50995-6E56-4BDF-B4DF-41BE95C2CF56}.Debug|x64.Build.0 = Debug|x64
		{BFC50995-6E56-4BDF-B4DF-41BE95C2CF56}.Debug|x86.ActiveCfg = Debug|x86
		{BFC50995-6E56-4BDF-B4DF-41BE95C2CF56}.Debug|x86.Build.0 = Debug|x86
		{BFC50995-6E56-4BDF-B4DF-41BE95C2CF56}.Release|Any CPU.ActiveCfg = Release|Any CPU
		{BFC50995-6E56-4BDF-B4DF-41BE95C2CF56}.Release|Any CPU.Build.0 = Release|Any CPU
		{BFC50995-6E56-4BDF-B4DF-41BE95C2CF56}.Release|ARM.ActiveCfg = Release|ARM
		{BFC50995-6E56-4BDF-B4DF-41BE95C2CF56}.Release|ARM.Build.0 = Release|ARM
		{BFC50995-6E56-4BDF-B4DF-41BE95C2CF56}.Release|x64.ActiveCfg = Release|x64
		{BFC50995-6E56-4BDF-B4DF-41BE95C2CF56}.Release|x64.Build.0 = Release|x64
		{BFC50995-6E56-4BDF-B4DF-41BE95C2CF56}.Release|x86.ActiveCfg = Release|x86
		{BFC50995-6E56-4BDF-B4DF-41BE95C2CF56}.Release|x86.Build.0 = Release|x86
		{DD854ECF-0CB7-4D60-A9A1-EE67913B50DB}.Debug|Any CPU.ActiveCfg = Debug|Any CPU
		{DD854ECF-0CB7-4D60-A9A1-EE67913B50DB}.Debug|Any CPU.Build.0 = Debug|Any CPU
		{DD854ECF-0CB7-4D60-A9A1-EE67913B50DB}.Debug|ARM.ActiveCfg = Debug|Any CPU
		{DD854ECF-0CB7-4D60-A9A1-EE67913B50DB}.Debug|x64.ActiveCfg = Debug|Any CPU
		{DD854ECF-0CB7-4D60-A9A1-EE67913B50DB}.Debug|x86.ActiveCfg = Debug|Any CPU
		{DD854ECF-0CB7-4D60-A9A1-EE67913B50DB}.Release|Any CPU.ActiveCfg = Release|Any CPU
		{DD854ECF-0CB7-4D60-A9A1-EE67913B50DB}.Release|Any CPU.Build.0 = Release|Any CPU
		{DD854ECF-0CB7-4D60-A9A1-EE67913B50DB}.Release|ARM.ActiveCfg = Release|Any CPU
		{DD854ECF-0CB7-4D60-A9A1-EE67913B50DB}.Release|x64.ActiveCfg = Release|Any CPU
		{DD854ECF-0CB7-4D60-A9A1-EE67913B50DB}.Release|x86.ActiveCfg = Release|Any CPU
		{F6D310CE-339C-4B5A-98CE-5D4B28BF7013}.Debug|Any CPU.ActiveCfg = Debug|Any CPU
		{F6D310CE-339C-4B5A-98CE-5D4B28BF7013}.Debug|Any CPU.Build.0 = Debug|Any CPU
		{F6D310CE-339C-4B5A-98CE-5D4B28BF7013}.Debug|ARM.ActiveCfg = Debug|ARM
		{F6D310CE-339C-4B5A-98CE-5D4B28BF7013}.Debug|ARM.Build.0 = Debug|ARM
		{F6D310CE-339C-4B5A-98CE-5D4B28BF7013}.Debug|x64.ActiveCfg = Debug|Any CPU
		{F6D310CE-339C-4B5A-98CE-5D4B28BF7013}.Debug|x86.ActiveCfg = Debug|x86
		{F6D310CE-339C-4B5A-98CE-5D4B28BF7013}.Debug|x86.Build.0 = Debug|x86
		{F6D310CE-339C-4B5A-98CE-5D4B28BF7013}.Release|Any CPU.ActiveCfg = Release|Any CPU
		{F6D310CE-339C-4B5A-98CE-5D4B28BF7013}.Release|Any CPU.Build.0 = Release|Any CPU
		{F6D310CE-339C-4B5A-98CE-5D4B28BF7013}.Release|ARM.ActiveCfg = Release|ARM
		{F6D310CE-339C-4B5A-98CE-5D4B28BF7013}.Release|ARM.Build.0 = Release|ARM
		{F6D310CE-339C-4B5A-98CE-5D4B28BF7013}.Release|x64.ActiveCfg = Release|Any CPU
		{F6D310CE-339C-4B5A-98CE-5D4B28BF7013}.Release|x86.ActiveCfg = Release|x86
		{F6D310CE-339C-4B5A-98CE-5D4B28BF7013}.Release|x86.Build.0 = Release|x86
		{18A0EFD5-519B-44AB-A84F-80E667B756A9}.Debug|Any CPU.ActiveCfg = Debug|Any CPU
		{18A0EFD5-519B-44AB-A84F-80E667B756A9}.Debug|Any CPU.Build.0 = Debug|Any CPU
		{18A0EFD5-519B-44AB-A84F-80E667B756A9}.Debug|ARM.ActiveCfg = Debug|ARM
		{18A0EFD5-519B-44AB-A84F-80E667B756A9}.Debug|ARM.Build.0 = Debug|ARM
		{18A0EFD5-519B-44AB-A84F-80E667B756A9}.Debug|x64.ActiveCfg = Debug|x64
		{18A0EFD5-519B-44AB-A84F-80E667B756A9}.Debug|x64.Build.0 = Debug|x64
		{18A0EFD5-519B-44AB-A84F-80E667B756A9}.Debug|x86.ActiveCfg = Debug|x86
		{18A0EFD5-519B-44AB-A84F-80E667B756A9}.Debug|x86.Build.0 = Debug|x86
		{18A0EFD5-519B-44AB-A84F-80E667B756A9}.Release|Any CPU.ActiveCfg = Release|Any CPU
		{18A0EFD5-519B-44AB-A84F-80E667B756A9}.Release|Any CPU.Build.0 = Release|Any CPU
		{18A0EFD5-519B-44AB-A84F-80E667B756A9}.Release|ARM.ActiveCfg = Release|ARM
		{18A0EFD5-519B-44AB-A84F-80E667B756A9}.Release|ARM.Build.0 = Release|ARM
		{18A0EFD5-519B-44AB-A84F-80E667B756A9}.Release|x64.ActiveCfg = Release|x64
		{18A0EFD5-519B-44AB-A84F-80E667B756A9}.Release|x64.Build.0 = Release|x64
		{18A0EFD5-519B-44AB-A84F-80E667B756A9}.Release|x86.ActiveCfg = Release|x86
		{18A0EFD5-519B-44AB-A84F-80E667B756A9}.Release|x86.Build.0 = Release|x86
		{3C56D5DC-4806-42BB-A777-7D0BFE36A57E}.Debug|Any CPU.ActiveCfg = Debug|Any CPU
		{3C56D5DC-4806-42BB-A777-7D0BFE36A57E}.Debug|Any CPU.Build.0 = Debug|Any CPU
		{3C56D5DC-4806-42BB-A777-7D0BFE36A57E}.Debug|ARM.ActiveCfg = Debug|Any CPU
		{3C56D5DC-4806-42BB-A777-7D0BFE36A57E}.Debug|x64.ActiveCfg = Debug|Any CPU
		{3C56D5DC-4806-42BB-A777-7D0BFE36A57E}.Debug|x86.ActiveCfg = Debug|Any CPU
		{3C56D5DC-4806-42BB-A777-7D0BFE36A57E}.Release|Any CPU.ActiveCfg = Release|Any CPU
		{3C56D5DC-4806-42BB-A777-7D0BFE36A57E}.Release|Any CPU.Build.0 = Release|Any CPU
		{3C56D5DC-4806-42BB-A777-7D0BFE36A57E}.Release|ARM.ActiveCfg = Release|Any CPU
		{3C56D5DC-4806-42BB-A777-7D0BFE36A57E}.Release|x64.ActiveCfg = Release|Any CPU
		{3C56D5DC-4806-42BB-A777-7D0BFE36A57E}.Release|x86.ActiveCfg = Release|Any CPU
		{4A4B2737-1171-4378-A02A-F977F049CE82}.Debug|Any CPU.ActiveCfg = Debug|Any CPU
		{4A4B2737-1171-4378-A02A-F977F049CE82}.Debug|Any CPU.Build.0 = Debug|Any CPU
		{4A4B2737-1171-4378-A02A-F977F049CE82}.Debug|ARM.ActiveCfg = Debug|Any CPU
		{4A4B2737-1171-4378-A02A-F977F049CE82}.Debug|x64.ActiveCfg = Debug|Any CPU
		{4A4B2737-1171-4378-A02A-F977F049CE82}.Debug|x86.ActiveCfg = Debug|Any CPU
		{4A4B2737-1171-4378-A02A-F977F049CE82}.Release|Any CPU.ActiveCfg = Release|Any CPU
		{4A4B2737-1171-4378-A02A-F977F049CE82}.Release|Any CPU.Build.0 = Release|Any CPU
		{4A4B2737-1171-4378-A02A-F977F049CE82}.Release|ARM.ActiveCfg = Release|Any CPU
		{4A4B2737-1171-4378-A02A-F977F049CE82}.Release|x64.ActiveCfg = Release|Any CPU
		{4A4B2737-1171-4378-A02A-F977F049CE82}.Release|x86.ActiveCfg = Release|Any CPU
		{C309BD97-17E7-4539-9AF6-9F01E2E13D6F}.Debug|Any CPU.ActiveCfg = Debug|Any CPU
		{C309BD97-17E7-4539-9AF6-9F01E2E13D6F}.Debug|Any CPU.Build.0 = Debug|Any CPU
		{C309BD97-17E7-4539-9AF6-9F01E2E13D6F}.Debug|ARM.ActiveCfg = Debug|Any CPU
		{C309BD97-17E7-4539-9AF6-9F01E2E13D6F}.Debug|x64.ActiveCfg = Debug|Any CPU
		{C309BD97-17E7-4539-9AF6-9F01E2E13D6F}.Debug|x86.ActiveCfg = Debug|x86
		{C309BD97-17E7-4539-9AF6-9F01E2E13D6F}.Debug|x86.Build.0 = Debug|x86
		{C309BD97-17E7-4539-9AF6-9F01E2E13D6F}.Release|Any CPU.ActiveCfg = Release|Any CPU
		{C309BD97-17E7-4539-9AF6-9F01E2E13D6F}.Release|Any CPU.Build.0 = Release|Any CPU
		{C309BD97-17E7-4539-9AF6-9F01E2E13D6F}.Release|ARM.ActiveCfg = Release|Any CPU
		{C309BD97-17E7-4539-9AF6-9F01E2E13D6F}.Release|x64.ActiveCfg = Release|Any CPU
		{C309BD97-17E7-4539-9AF6-9F01E2E13D6F}.Release|x86.ActiveCfg = Release|x86
		{C309BD97-17E7-4539-9AF6-9F01E2E13D6F}.Release|x86.Build.0 = Release|x86
		{43630AD0-73D0-40F0-A083-5E2C2FEBC326}.Debug|Any CPU.ActiveCfg = Debug|Any CPU
		{43630AD0-73D0-40F0-A083-5E2C2FEBC326}.Debug|Any CPU.Build.0 = Debug|Any CPU
		{43630AD0-73D0-40F0-A083-5E2C2FEBC326}.Debug|ARM.ActiveCfg = Debug|Any CPU
		{43630AD0-73D0-40F0-A083-5E2C2FEBC326}.Debug|x64.ActiveCfg = Debug|Any CPU
		{43630AD0-73D0-40F0-A083-5E2C2FEBC326}.Debug|x86.ActiveCfg = Debug|Any CPU
		{43630AD0-73D0-40F0-A083-5E2C2FEBC326}.Release|Any CPU.ActiveCfg = Release|Any CPU
		{43630AD0-73D0-40F0-A083-5E2C2FEBC326}.Release|Any CPU.Build.0 = Release|Any CPU
		{43630AD0-73D0-40F0-A083-5E2C2FEBC326}.Release|ARM.ActiveCfg = Release|Any CPU
		{43630AD0-73D0-40F0-A083-5E2C2FEBC326}.Release|x64.ActiveCfg = Release|Any CPU
		{43630AD0-73D0-40F0-A083-5E2C2FEBC326}.Release|x86.ActiveCfg = Release|Any CPU
		{1FA7DA2D-F0DF-4655-80D1-0C01B66B35A8}.Debug|Any CPU.ActiveCfg = Debug|Any CPU
		{1FA7DA2D-F0DF-4655-80D1-0C01B66B35A8}.Debug|Any CPU.Build.0 = Debug|Any CPU
		{1FA7DA2D-F0DF-4655-80D1-0C01B66B35A8}.Debug|ARM.ActiveCfg = Debug|Any CPU
		{1FA7DA2D-F0DF-4655-80D1-0C01B66B35A8}.Debug|x64.ActiveCfg = Debug|Any CPU
		{1FA7DA2D-F0DF-4655-80D1-0C01B66B35A8}.Debug|x86.ActiveCfg = Debug|Any CPU
		{1FA7DA2D-F0DF-4655-80D1-0C01B66B35A8}.Release|Any CPU.ActiveCfg = Release|Any CPU
		{1FA7DA2D-F0DF-4655-80D1-0C01B66B35A8}.Release|Any CPU.Build.0 = Release|Any CPU
		{1FA7DA2D-F0DF-4655-80D1-0C01B66B35A8}.Release|ARM.ActiveCfg = Release|Any CPU
		{1FA7DA2D-F0DF-4655-80D1-0C01B66B35A8}.Release|x64.ActiveCfg = Release|Any CPU
		{1FA7DA2D-F0DF-4655-80D1-0C01B66B35A8}.Release|x86.ActiveCfg = Release|Any CPU
		{BAB63221-4F76-4581-860B-A04691B5DA67}.Debug|Any CPU.ActiveCfg = Debug|Any CPU
		{BAB63221-4F76-4581-860B-A04691B5DA67}.Debug|Any CPU.Build.0 = Debug|Any CPU
		{BAB63221-4F76-4581-860B-A04691B5DA67}.Debug|ARM.ActiveCfg = Debug|Any CPU
		{BAB63221-4F76-4581-860B-A04691B5DA67}.Debug|x64.ActiveCfg = Debug|Any CPU
		{BAB63221-4F76-4581-860B-A04691B5DA67}.Debug|x86.ActiveCfg = Debug|Any CPU
		{BAB63221-4F76-4581-860B-A04691B5DA67}.Release|Any CPU.ActiveCfg = Release|Any CPU
		{BAB63221-4F76-4581-860B-A04691B5DA67}.Release|Any CPU.Build.0 = Release|Any CPU
		{BAB63221-4F76-4581-860B-A04691B5DA67}.Release|ARM.ActiveCfg = Release|Any CPU
		{BAB63221-4F76-4581-860B-A04691B5DA67}.Release|x64.ActiveCfg = Release|Any CPU
		{BAB63221-4F76-4581-860B-A04691B5DA67}.Release|x86.ActiveCfg = Release|Any CPU
		{8C08AE5A-3809-45AD-8118-AE256419ECE2}.Debug|Any CPU.ActiveCfg = Debug|Any CPU
		{8C08AE5A-3809-45AD-8118-AE256419ECE2}.Debug|Any CPU.Build.0 = Debug|Any CPU
		{8C08AE5A-3809-45AD-8118-AE256419ECE2}.Debug|ARM.ActiveCfg = Debug|Any CPU
		{8C08AE5A-3809-45AD-8118-AE256419ECE2}.Debug|x64.ActiveCfg = Debug|Any CPU
		{8C08AE5A-3809-45AD-8118-AE256419ECE2}.Debug|x86.ActiveCfg = Debug|Any CPU
		{8C08AE5A-3809-45AD-8118-AE256419ECE2}.Release|Any CPU.ActiveCfg = Release|Any CPU
		{8C08AE5A-3809-45AD-8118-AE256419ECE2}.Release|Any CPU.Build.0 = Release|Any CPU
		{8C08AE5A-3809-45AD-8118-AE256419ECE2}.Release|ARM.ActiveCfg = Release|Any CPU
		{8C08AE5A-3809-45AD-8118-AE256419ECE2}.Release|x64.ActiveCfg = Release|Any CPU
		{8C08AE5A-3809-45AD-8118-AE256419ECE2}.Release|x86.ActiveCfg = Release|Any CPU
		{504B712B-5C1C-4A67-97A4-DD99A469F702}.Debug|Any CPU.ActiveCfg = Debug|Any CPU
		{504B712B-5C1C-4A67-97A4-DD99A469F702}.Debug|Any CPU.Build.0 = Debug|Any CPU
		{504B712B-5C1C-4A67-97A4-DD99A469F702}.Debug|ARM.ActiveCfg = Debug|Any CPU
		{504B712B-5C1C-4A67-97A4-DD99A469F702}.Debug|x64.ActiveCfg = Debug|Any CPU
		{504B712B-5C1C-4A67-97A4-DD99A469F702}.Debug|x86.ActiveCfg = Debug|Any CPU
		{504B712B-5C1C-4A67-97A4-DD99A469F702}.Release|Any CPU.ActiveCfg = Release|Any CPU
		{504B712B-5C1C-4A67-97A4-DD99A469F702}.Release|Any CPU.Build.0 = Release|Any CPU
		{504B712B-5C1C-4A67-97A4-DD99A469F702}.Release|ARM.ActiveCfg = Release|Any CPU
		{504B712B-5C1C-4A67-97A4-DD99A469F702}.Release|x64.ActiveCfg = Release|Any CPU
		{504B712B-5C1C-4A67-97A4-DD99A469F702}.Release|x86.ActiveCfg = Release|Any CPU
		{F5095CE4-67A1-4F69-86D6-905E00445144}.Debug|Any CPU.ActiveCfg = Debug|Any CPU
		{F5095CE4-67A1-4F69-86D6-905E00445144}.Debug|Any CPU.Build.0 = Debug|Any CPU
		{F5095CE4-67A1-4F69-86D6-905E00445144}.Debug|ARM.ActiveCfg = Debug|Any CPU
		{F5095CE4-67A1-4F69-86D6-905E00445144}.Debug|x64.ActiveCfg = Debug|Any CPU
		{F5095CE4-67A1-4F69-86D6-905E00445144}.Debug|x86.ActiveCfg = Debug|Any CPU
		{F5095CE4-67A1-4F69-86D6-905E00445144}.Release|Any CPU.ActiveCfg = Release|Any CPU
		{F5095CE4-67A1-4F69-86D6-905E00445144}.Release|Any CPU.Build.0 = Release|Any CPU
		{F5095CE4-67A1-4F69-86D6-905E00445144}.Release|ARM.ActiveCfg = Release|Any CPU
		{F5095CE4-67A1-4F69-86D6-905E00445144}.Release|x64.ActiveCfg = Release|Any CPU
		{F5095CE4-67A1-4F69-86D6-905E00445144}.Release|x86.ActiveCfg = Release|Any CPU
		{5146654A-24A8-41F1-98DF-06003169D86D}.Debug|Any CPU.ActiveCfg = Debug|Any CPU
		{5146654A-24A8-41F1-98DF-06003169D86D}.Debug|Any CPU.Build.0 = Debug|Any CPU
		{5146654A-24A8-41F1-98DF-06003169D86D}.Debug|ARM.ActiveCfg = Debug|Any CPU
		{5146654A-24A8-41F1-98DF-06003169D86D}.Debug|x64.ActiveCfg = Debug|Any CPU
		{5146654A-24A8-41F1-98DF-06003169D86D}.Debug|x86.ActiveCfg = Debug|Any CPU
		{5146654A-24A8-41F1-98DF-06003169D86D}.Release|Any CPU.ActiveCfg = Release|Any CPU
		{5146654A-24A8-41F1-98DF-06003169D86D}.Release|Any CPU.Build.0 = Release|Any CPU
		{5146654A-24A8-41F1-98DF-06003169D86D}.Release|ARM.ActiveCfg = Release|Any CPU
		{5146654A-24A8-41F1-98DF-06003169D86D}.Release|x64.ActiveCfg = Release|Any CPU
		{5146654A-24A8-41F1-98DF-06003169D86D}.Release|x86.ActiveCfg = Release|Any CPU
		{1129F23D-52DB-4E16-B3C3-BFF93964C8A6}.Debug|Any CPU.ActiveCfg = Debug|Any CPU
		{1129F23D-52DB-4E16-B3C3-BFF93964C8A6}.Debug|Any CPU.Build.0 = Debug|Any CPU
		{1129F23D-52DB-4E16-B3C3-BFF93964C8A6}.Debug|ARM.ActiveCfg = Debug|Any CPU
		{1129F23D-52DB-4E16-B3C3-BFF93964C8A6}.Debug|x64.ActiveCfg = Debug|Any CPU
		{1129F23D-52DB-4E16-B3C3-BFF93964C8A6}.Debug|x86.ActiveCfg = Debug|Any CPU
		{1129F23D-52DB-4E16-B3C3-BFF93964C8A6}.Release|Any CPU.ActiveCfg = Release|Any CPU
		{1129F23D-52DB-4E16-B3C3-BFF93964C8A6}.Release|Any CPU.Build.0 = Release|Any CPU
		{1129F23D-52DB-4E16-B3C3-BFF93964C8A6}.Release|ARM.ActiveCfg = Release|Any CPU
		{1129F23D-52DB-4E16-B3C3-BFF93964C8A6}.Release|x64.ActiveCfg = Release|Any CPU
		{1129F23D-52DB-4E16-B3C3-BFF93964C8A6}.Release|x86.ActiveCfg = Release|Any CPU
		{66188710-03DD-4226-A6CA-1D2BE072CD02}.Debug|Any CPU.ActiveCfg = Debug|Any CPU
		{66188710-03DD-4226-A6CA-1D2BE072CD02}.Debug|Any CPU.Build.0 = Debug|Any CPU
		{66188710-03DD-4226-A6CA-1D2BE072CD02}.Debug|ARM.ActiveCfg = Debug|Any CPU
		{66188710-03DD-4226-A6CA-1D2BE072CD02}.Debug|x64.ActiveCfg = Debug|Any CPU
		{66188710-03DD-4226-A6CA-1D2BE072CD02}.Debug|x86.ActiveCfg = Debug|Any CPU
		{66188710-03DD-4226-A6CA-1D2BE072CD02}.Release|Any CPU.ActiveCfg = Release|Any CPU
		{66188710-03DD-4226-A6CA-1D2BE072CD02}.Release|Any CPU.Build.0 = Release|Any CPU
		{66188710-03DD-4226-A6CA-1D2BE072CD02}.Release|ARM.ActiveCfg = Release|Any CPU
		{66188710-03DD-4226-A6CA-1D2BE072CD02}.Release|x64.ActiveCfg = Release|Any CPU
		{66188710-03DD-4226-A6CA-1D2BE072CD02}.Release|x86.ActiveCfg = Release|Any CPU
		{336D7DE3-32D8-464E-9884-68E0F571C6D4}.Debug|Any CPU.ActiveCfg = Debug|Any CPU
		{336D7DE3-32D8-464E-9884-68E0F571C6D4}.Debug|Any CPU.Build.0 = Debug|Any CPU
		{336D7DE3-32D8-464E-9884-68E0F571C6D4}.Debug|ARM.ActiveCfg = Debug|Any CPU
		{336D7DE3-32D8-464E-9884-68E0F571C6D4}.Debug|x64.ActiveCfg = Debug|Any CPU
		{336D7DE3-32D8-464E-9884-68E0F571C6D4}.Debug|x86.ActiveCfg = Debug|Any CPU
		{336D7DE3-32D8-464E-9884-68E0F571C6D4}.Release|Any CPU.ActiveCfg = Release|Any CPU
		{336D7DE3-32D8-464E-9884-68E0F571C6D4}.Release|Any CPU.Build.0 = Release|Any CPU
		{336D7DE3-32D8-464E-9884-68E0F571C6D4}.Release|ARM.ActiveCfg = Release|Any CPU
		{336D7DE3-32D8-464E-9884-68E0F571C6D4}.Release|x64.ActiveCfg = Release|Any CPU
		{336D7DE3-32D8-464E-9884-68E0F571C6D4}.Release|x86.ActiveCfg = Release|Any CPU
		{62AC5515-17DC-412B-BA7B-F96AEF78AFF3}.Debug|Any CPU.ActiveCfg = Debug|Any CPU
		{62AC5515-17DC-412B-BA7B-F96AEF78AFF3}.Debug|Any CPU.Build.0 = Debug|Any CPU
		{62AC5515-17DC-412B-BA7B-F96AEF78AFF3}.Debug|ARM.ActiveCfg = Debug|Any CPU
		{62AC5515-17DC-412B-BA7B-F96AEF78AFF3}.Debug|x64.ActiveCfg = Debug|Any CPU
		{62AC5515-17DC-412B-BA7B-F96AEF78AFF3}.Debug|x86.ActiveCfg = Debug|Any CPU
		{62AC5515-17DC-412B-BA7B-F96AEF78AFF3}.Release|Any CPU.ActiveCfg = Release|Any CPU
		{62AC5515-17DC-412B-BA7B-F96AEF78AFF3}.Release|Any CPU.Build.0 = Release|Any CPU
		{62AC5515-17DC-412B-BA7B-F96AEF78AFF3}.Release|ARM.ActiveCfg = Release|Any CPU
		{62AC5515-17DC-412B-BA7B-F96AEF78AFF3}.Release|x64.ActiveCfg = Release|Any CPU
		{62AC5515-17DC-412B-BA7B-F96AEF78AFF3}.Release|x86.ActiveCfg = Release|Any CPU
		{7E0F2CF7-FFCD-4113-9CBA-EADEEAD933E8}.Debug|Any CPU.ActiveCfg = Debug|Any CPU
		{7E0F2CF7-FFCD-4113-9CBA-EADEEAD933E8}.Debug|Any CPU.Build.0 = Debug|Any CPU
		{7E0F2CF7-FFCD-4113-9CBA-EADEEAD933E8}.Debug|ARM.ActiveCfg = Debug|Any CPU
		{7E0F2CF7-FFCD-4113-9CBA-EADEEAD933E8}.Debug|x64.ActiveCfg = Debug|Any CPU
		{7E0F2CF7-FFCD-4113-9CBA-EADEEAD933E8}.Debug|x86.ActiveCfg = Debug|Any CPU
		{7E0F2CF7-FFCD-4113-9CBA-EADEEAD933E8}.Release|Any CPU.ActiveCfg = Release|Any CPU
		{7E0F2CF7-FFCD-4113-9CBA-EADEEAD933E8}.Release|Any CPU.Build.0 = Release|Any CPU
		{7E0F2CF7-FFCD-4113-9CBA-EADEEAD933E8}.Release|ARM.ActiveCfg = Release|Any CPU
		{7E0F2CF7-FFCD-4113-9CBA-EADEEAD933E8}.Release|x64.ActiveCfg = Release|Any CPU
		{7E0F2CF7-FFCD-4113-9CBA-EADEEAD933E8}.Release|x86.ActiveCfg = Release|Any CPU
		{11ADEAD2-CF50-47B2-94E4-9572C4B59283}.Debug|Any CPU.ActiveCfg = Debug|Any CPU
		{11ADEAD2-CF50-47B2-94E4-9572C4B59283}.Debug|Any CPU.Build.0 = Debug|Any CPU
		{11ADEAD2-CF50-47B2-94E4-9572C4B59283}.Debug|ARM.ActiveCfg = Debug|Any CPU
		{11ADEAD2-CF50-47B2-94E4-9572C4B59283}.Debug|x64.ActiveCfg = Debug|Any CPU
		{11ADEAD2-CF50-47B2-94E4-9572C4B59283}.Debug|x86.ActiveCfg = Debug|Any CPU
		{11ADEAD2-CF50-47B2-94E4-9572C4B59283}.Release|Any CPU.ActiveCfg = Release|Any CPU
		{11ADEAD2-CF50-47B2-94E4-9572C4B59283}.Release|Any CPU.Build.0 = Release|Any CPU
		{11ADEAD2-CF50-47B2-94E4-9572C4B59283}.Release|ARM.ActiveCfg = Release|Any CPU
		{11ADEAD2-CF50-47B2-94E4-9572C4B59283}.Release|x64.ActiveCfg = Release|Any CPU
		{11ADEAD2-CF50-47B2-94E4-9572C4B59283}.Release|x86.ActiveCfg = Release|Any CPU
		{7CD98233-5528-4BE6-8299-17DF3BC9DA4E}.Debug|Any CPU.ActiveCfg = Debug|Any CPU
		{7CD98233-5528-4BE6-8299-17DF3BC9DA4E}.Debug|Any CPU.Build.0 = Debug|Any CPU
		{7CD98233-5528-4BE6-8299-17DF3BC9DA4E}.Debug|ARM.ActiveCfg = Debug|Any CPU
		{7CD98233-5528-4BE6-8299-17DF3BC9DA4E}.Debug|x64.ActiveCfg = Debug|Any CPU
		{7CD98233-5528-4BE6-8299-17DF3BC9DA4E}.Debug|x86.ActiveCfg = Debug|Any CPU
		{7CD98233-5528-4BE6-8299-17DF3BC9DA4E}.Release|Any CPU.ActiveCfg = Release|Any CPU
		{7CD98233-5528-4BE6-8299-17DF3BC9DA4E}.Release|Any CPU.Build.0 = Release|Any CPU
		{7CD98233-5528-4BE6-8299-17DF3BC9DA4E}.Release|ARM.ActiveCfg = Release|Any CPU
		{7CD98233-5528-4BE6-8299-17DF3BC9DA4E}.Release|x64.ActiveCfg = Release|Any CPU
		{7CD98233-5528-4BE6-8299-17DF3BC9DA4E}.Release|x86.ActiveCfg = Release|Any CPU
		{0ECE0842-1AAA-433F-858F-5DAF221AA9C0}.Debug|Any CPU.ActiveCfg = Debug|Any CPU
		{0ECE0842-1AAA-433F-858F-5DAF221AA9C0}.Debug|Any CPU.Build.0 = Debug|Any CPU
		{0ECE0842-1AAA-433F-858F-5DAF221AA9C0}.Debug|ARM.ActiveCfg = Debug|Any CPU
		{0ECE0842-1AAA-433F-858F-5DAF221AA9C0}.Debug|x64.ActiveCfg = Debug|Any CPU
		{0ECE0842-1AAA-433F-858F-5DAF221AA9C0}.Debug|x86.ActiveCfg = Debug|Any CPU
		{0ECE0842-1AAA-433F-858F-5DAF221AA9C0}.Release|Any CPU.ActiveCfg = Release|Any CPU
		{0ECE0842-1AAA-433F-858F-5DAF221AA9C0}.Release|Any CPU.Build.0 = Release|Any CPU
		{0ECE0842-1AAA-433F-858F-5DAF221AA9C0}.Release|ARM.ActiveCfg = Release|Any CPU
		{0ECE0842-1AAA-433F-858F-5DAF221AA9C0}.Release|x64.ActiveCfg = Release|Any CPU
		{0ECE0842-1AAA-433F-858F-5DAF221AA9C0}.Release|x86.ActiveCfg = Release|Any CPU
		{A9ADBFA6-E7D4-424A-A1E8-592DF2D34FF3}.Debug|Any CPU.ActiveCfg = Debug|Any CPU
		{A9ADBFA6-E7D4-424A-A1E8-592DF2D34FF3}.Debug|Any CPU.Build.0 = Debug|Any CPU
		{A9ADBFA6-E7D4-424A-A1E8-592DF2D34FF3}.Debug|ARM.ActiveCfg = Debug|Any CPU
		{A9ADBFA6-E7D4-424A-A1E8-592DF2D34FF3}.Debug|x64.ActiveCfg = Debug|Any CPU
		{A9ADBFA6-E7D4-424A-A1E8-592DF2D34FF3}.Debug|x86.ActiveCfg = Debug|Any CPU
		{A9ADBFA6-E7D4-424A-A1E8-592DF2D34FF3}.Release|Any CPU.ActiveCfg = Release|Any CPU
		{A9ADBFA6-E7D4-424A-A1E8-592DF2D34FF3}.Release|Any CPU.Build.0 = Release|Any CPU
		{A9ADBFA6-E7D4-424A-A1E8-592DF2D34FF3}.Release|ARM.ActiveCfg = Release|Any CPU
		{A9ADBFA6-E7D4-424A-A1E8-592DF2D34FF3}.Release|x64.ActiveCfg = Release|Any CPU
		{A9ADBFA6-E7D4-424A-A1E8-592DF2D34FF3}.Release|x86.ActiveCfg = Release|Any CPU
		{22A0F29D-B272-412E-B108-F539AF3E01C6}.Debug|Any CPU.ActiveCfg = Debug|Any CPU
		{22A0F29D-B272-412E-B108-F539AF3E01C6}.Debug|Any CPU.Build.0 = Debug|Any CPU
		{22A0F29D-B272-412E-B108-F539AF3E01C6}.Debug|ARM.ActiveCfg = Debug|Any CPU
		{22A0F29D-B272-412E-B108-F539AF3E01C6}.Debug|x64.ActiveCfg = Debug|Any CPU
		{22A0F29D-B272-412E-B108-F539AF3E01C6}.Debug|x86.ActiveCfg = Debug|Any CPU
		{22A0F29D-B272-412E-B108-F539AF3E01C6}.Release|Any CPU.ActiveCfg = Release|Any CPU
		{22A0F29D-B272-412E-B108-F539AF3E01C6}.Release|Any CPU.Build.0 = Release|Any CPU
		{22A0F29D-B272-412E-B108-F539AF3E01C6}.Release|ARM.ActiveCfg = Release|Any CPU
		{22A0F29D-B272-412E-B108-F539AF3E01C6}.Release|x64.ActiveCfg = Release|Any CPU
		{22A0F29D-B272-412E-B108-F539AF3E01C6}.Release|x86.ActiveCfg = Release|Any CPU
		{3F4AB3CD-15A2-4D5F-B7D7-CB1407AB74E9}.Debug|Any CPU.ActiveCfg = Debug|Any CPU
		{3F4AB3CD-15A2-4D5F-B7D7-CB1407AB74E9}.Debug|Any CPU.Build.0 = Debug|Any CPU
		{3F4AB3CD-15A2-4D5F-B7D7-CB1407AB74E9}.Debug|ARM.ActiveCfg = Debug|Any CPU
		{3F4AB3CD-15A2-4D5F-B7D7-CB1407AB74E9}.Debug|x64.ActiveCfg = Debug|Any CPU
		{3F4AB3CD-15A2-4D5F-B7D7-CB1407AB74E9}.Debug|x86.ActiveCfg = Debug|Any CPU
		{3F4AB3CD-15A2-4D5F-B7D7-CB1407AB74E9}.Release|Any CPU.ActiveCfg = Release|Any CPU
		{3F4AB3CD-15A2-4D5F-B7D7-CB1407AB74E9}.Release|Any CPU.Build.0 = Release|Any CPU
		{3F4AB3CD-15A2-4D5F-B7D7-CB1407AB74E9}.Release|ARM.ActiveCfg = Release|Any CPU
		{3F4AB3CD-15A2-4D5F-B7D7-CB1407AB74E9}.Release|x64.ActiveCfg = Release|Any CPU
		{3F4AB3CD-15A2-4D5F-B7D7-CB1407AB74E9}.Release|x86.ActiveCfg = Release|Any CPU
		{D208B9B3-6ED5-4C36-831F-FD067C3B8DF4}.Debug|Any CPU.ActiveCfg = Debug|Any CPU
		{D208B9B3-6ED5-4C36-831F-FD067C3B8DF4}.Debug|Any CPU.Build.0 = Debug|Any CPU
		{D208B9B3-6ED5-4C36-831F-FD067C3B8DF4}.Debug|ARM.ActiveCfg = Debug|Any CPU
		{D208B9B3-6ED5-4C36-831F-FD067C3B8DF4}.Debug|x64.ActiveCfg = Debug|Any CPU
		{D208B9B3-6ED5-4C36-831F-FD067C3B8DF4}.Debug|x86.ActiveCfg = Debug|Any CPU
		{D208B9B3-6ED5-4C36-831F-FD067C3B8DF4}.Release|Any CPU.ActiveCfg = Release|Any CPU
		{D208B9B3-6ED5-4C36-831F-FD067C3B8DF4}.Release|Any CPU.Build.0 = Release|Any CPU
		{D208B9B3-6ED5-4C36-831F-FD067C3B8DF4}.Release|ARM.ActiveCfg = Release|Any CPU
		{D208B9B3-6ED5-4C36-831F-FD067C3B8DF4}.Release|x64.ActiveCfg = Release|Any CPU
		{D208B9B3-6ED5-4C36-831F-FD067C3B8DF4}.Release|x86.ActiveCfg = Release|Any CPU
		{4735F948-A4FD-481A-AF03-7FF88917E3C6}.Debug|Any CPU.ActiveCfg = Debug|Any CPU
		{4735F948-A4FD-481A-AF03-7FF88917E3C6}.Debug|Any CPU.Build.0 = Debug|Any CPU
		{4735F948-A4FD-481A-AF03-7FF88917E3C6}.Debug|ARM.ActiveCfg = Debug|Any CPU
		{4735F948-A4FD-481A-AF03-7FF88917E3C6}.Debug|x64.ActiveCfg = Debug|Any CPU
		{4735F948-A4FD-481A-AF03-7FF88917E3C6}.Debug|x86.ActiveCfg = Debug|Any CPU
		{4735F948-A4FD-481A-AF03-7FF88917E3C6}.Release|Any CPU.ActiveCfg = Release|Any CPU
		{4735F948-A4FD-481A-AF03-7FF88917E3C6}.Release|Any CPU.Build.0 = Release|Any CPU
		{4735F948-A4FD-481A-AF03-7FF88917E3C6}.Release|ARM.ActiveCfg = Release|Any CPU
		{4735F948-A4FD-481A-AF03-7FF88917E3C6}.Release|x64.ActiveCfg = Release|Any CPU
		{4735F948-A4FD-481A-AF03-7FF88917E3C6}.Release|x86.ActiveCfg = Release|Any CPU
		{5FDA94E9-3EED-4FF1-92DD-5F8DAF20D9F4}.Debug|Any CPU.ActiveCfg = Debug|Any CPU
		{5FDA94E9-3EED-4FF1-92DD-5F8DAF20D9F4}.Debug|Any CPU.Build.0 = Debug|Any CPU
		{5FDA94E9-3EED-4FF1-92DD-5F8DAF20D9F4}.Debug|ARM.ActiveCfg = Debug|Any CPU
		{5FDA94E9-3EED-4FF1-92DD-5F8DAF20D9F4}.Debug|x64.ActiveCfg = Debug|Any CPU
		{5FDA94E9-3EED-4FF1-92DD-5F8DAF20D9F4}.Debug|x86.ActiveCfg = Debug|Any CPU
		{5FDA94E9-3EED-4FF1-92DD-5F8DAF20D9F4}.Release|Any CPU.ActiveCfg = Release|Any CPU
		{5FDA94E9-3EED-4FF1-92DD-5F8DAF20D9F4}.Release|Any CPU.Build.0 = Release|Any CPU
		{5FDA94E9-3EED-4FF1-92DD-5F8DAF20D9F4}.Release|ARM.ActiveCfg = Release|Any CPU
		{5FDA94E9-3EED-4FF1-92DD-5F8DAF20D9F4}.Release|x64.ActiveCfg = Release|Any CPU
		{5FDA94E9-3EED-4FF1-92DD-5F8DAF20D9F4}.Release|x86.ActiveCfg = Release|Any CPU
		{9776E03C-DA9A-49C9-A8BE-7542DA645896}.Debug|Any CPU.ActiveCfg = Debug|Any CPU
		{9776E03C-DA9A-49C9-A8BE-7542DA645896}.Debug|Any CPU.Build.0 = Debug|Any CPU
		{9776E03C-DA9A-49C9-A8BE-7542DA645896}.Debug|ARM.ActiveCfg = Debug|Any CPU
		{9776E03C-DA9A-49C9-A8BE-7542DA645896}.Debug|x64.ActiveCfg = Debug|Any CPU
		{9776E03C-DA9A-49C9-A8BE-7542DA645896}.Debug|x86.ActiveCfg = Debug|Any CPU
		{9776E03C-DA9A-49C9-A8BE-7542DA645896}.Release|Any CPU.ActiveCfg = Release|Any CPU
		{9776E03C-DA9A-49C9-A8BE-7542DA645896}.Release|Any CPU.Build.0 = Release|Any CPU
		{9776E03C-DA9A-49C9-A8BE-7542DA645896}.Release|ARM.ActiveCfg = Release|Any CPU
		{9776E03C-DA9A-49C9-A8BE-7542DA645896}.Release|x64.ActiveCfg = Release|Any CPU
		{9776E03C-DA9A-49C9-A8BE-7542DA645896}.Release|x86.ActiveCfg = Release|Any CPU
		{4DAC9CAF-5504-4C51-8D80-7003D6429BDA}.Debug|Any CPU.ActiveCfg = Debug|Any CPU
		{4DAC9CAF-5504-4C51-8D80-7003D6429BDA}.Debug|Any CPU.Build.0 = Debug|Any CPU
		{4DAC9CAF-5504-4C51-8D80-7003D6429BDA}.Debug|ARM.ActiveCfg = Debug|Any CPU
		{4DAC9CAF-5504-4C51-8D80-7003D6429BDA}.Debug|x64.ActiveCfg = Debug|Any CPU
		{4DAC9CAF-5504-4C51-8D80-7003D6429BDA}.Debug|x86.ActiveCfg = Debug|x86
		{4DAC9CAF-5504-4C51-8D80-7003D6429BDA}.Debug|x86.Build.0 = Debug|x86
		{4DAC9CAF-5504-4C51-8D80-7003D6429BDA}.Release|Any CPU.ActiveCfg = Release|Any CPU
		{4DAC9CAF-5504-4C51-8D80-7003D6429BDA}.Release|Any CPU.Build.0 = Release|Any CPU
		{4DAC9CAF-5504-4C51-8D80-7003D6429BDA}.Release|ARM.ActiveCfg = Release|Any CPU
		{4DAC9CAF-5504-4C51-8D80-7003D6429BDA}.Release|x64.ActiveCfg = Release|Any CPU
		{4DAC9CAF-5504-4C51-8D80-7003D6429BDA}.Release|x86.ActiveCfg = Release|x86
		{4DAC9CAF-5504-4C51-8D80-7003D6429BDA}.Release|x86.Build.0 = Release|x86
		{AC247DC9-7E7C-4DDE-80E2-7384A64D79F0}.Debug|Any CPU.ActiveCfg = Debug|Any CPU
		{AC247DC9-7E7C-4DDE-80E2-7384A64D79F0}.Debug|ARM.ActiveCfg = Debug|Any CPU
		{AC247DC9-7E7C-4DDE-80E2-7384A64D79F0}.Debug|x64.ActiveCfg = Debug|Any CPU
		{AC247DC9-7E7C-4DDE-80E2-7384A64D79F0}.Debug|x86.ActiveCfg = Debug|Any CPU
		{AC247DC9-7E7C-4DDE-80E2-7384A64D79F0}.Release|Any CPU.ActiveCfg = Release|Any CPU
		{AC247DC9-7E7C-4DDE-80E2-7384A64D79F0}.Release|ARM.ActiveCfg = Release|Any CPU
		{AC247DC9-7E7C-4DDE-80E2-7384A64D79F0}.Release|x64.ActiveCfg = Release|Any CPU
		{AC247DC9-7E7C-4DDE-80E2-7384A64D79F0}.Release|x86.ActiveCfg = Release|Any CPU
	EndGlobalSection
	GlobalSection(SolutionProperties) = preSolution
		HideSolutionNode = FALSE
	EndGlobalSection
	GlobalSection(NestedProjects) = preSolution
		{4C62C756-3D31-4012-AA79-711DBBD55B9A} = {E767E08F-678B-408D-8378-8449A0F7887C}
		{1A3F1BC7-4EFE-4442-868F-FB1EF9D5F23D} = {C6F9BDA8-CB7A-4107-B24F-A8BD904DE56D}
		{949BD34B-B986-4A75-8EC4-48E4C909DA84} = {C6F9BDA8-CB7A-4107-B24F-A8BD904DE56D}
		{84EBE0D1-CC3D-49CF-80E8-86CE39F72430} = {C6F9BDA8-CB7A-4107-B24F-A8BD904DE56D}
		{5DCF739C-CA14-4D47-99D8-2896F8FD700C} = {C6F9BDA8-CB7A-4107-B24F-A8BD904DE56D}
		{ABFF6D49-1C8F-4DA5-86ED-07033105981B} = {C6F9BDA8-CB7A-4107-B24F-A8BD904DE56D}
		{05F3A2A4-A860-43B3-9BF5-984E326474AD} = {C6F9BDA8-CB7A-4107-B24F-A8BD904DE56D}
		{F2A140C5-8779-47D5-9C44-DCF136193727} = {C6F9BDA8-CB7A-4107-B24F-A8BD904DE56D}
		{92F91B0C-F00D-4CD5-920F-551EE938DAF1} = {84FB0D74-8118-4337-9E8D-7EA8C2085A11}
		{4220B8DE-55F9-4DED-AF4D-724C347B623C} = {84FB0D74-8118-4337-9E8D-7EA8C2085A11}
		{7BAC15C3-94F3-4630-A109-56E6872D6E8F} = {2BF7069A-778A-4A12-8DE5-2976383121C1}
		{B8E8A033-154F-4866-82F6-A28ADCF460D6} = {2BF7069A-778A-4A12-8DE5-2976383121C1}
		{116FCD14-4C55-418B-B925-7B1600B2B667} = {2BF7069A-778A-4A12-8DE5-2976383121C1}
		{F99D0F2D-5DAA-4040-A2EA-4AA7CBF90043} = {2BF7069A-778A-4A12-8DE5-2976383121C1}
		{BFC50995-6E56-4BDF-B4DF-41BE95C2CF56} = {2BF7069A-778A-4A12-8DE5-2976383121C1}
		{4C20FCB1-70CF-4962-848B-F0F779B1666A} = {CA4E9069-E302-494A-8745-D3BE792403E0}
		{8D2A422E-0776-4B58-8FA4-6C4EC569AAEF} = {CA4E9069-E302-494A-8745-D3BE792403E0}
		{75D2E396-DBCD-4AD4-988B-2B5438E9C71B} = {CA4E9069-E302-494A-8745-D3BE792403E0}
		{71F53D96-49E0-48B8-B959-BE14D6EA2FDF} = {CA4E9069-E302-494A-8745-D3BE792403E0}
		{DD854ECF-0CB7-4D60-A9A1-EE67913B50DB} = {CA4E9069-E302-494A-8745-D3BE792403E0}
		{F6D310CE-339C-4B5A-98CE-5D4B28BF7013} = {CA4E9069-E302-494A-8745-D3BE792403E0}
		{18A0EFD5-519B-44AB-A84F-80E667B756A9} = {CA4E9069-E302-494A-8745-D3BE792403E0}
		{3C56D5DC-4806-42BB-A777-7D0BFE36A57E} = {CA4E9069-E302-494A-8745-D3BE792403E0}
		{4E2A3B5D-8D0E-4873-96E0-B6299631039A} = {F9D50036-2BE6-49F9-915E-0DB2A7A02076}
		{4A4B2737-1171-4378-A02A-F977F049CE82} = {F9D50036-2BE6-49F9-915E-0DB2A7A02076}
		{C309BD97-17E7-4539-9AF6-9F01E2E13D6F} = {F9D50036-2BE6-49F9-915E-0DB2A7A02076}
		{A45A53D5-4A0F-4E54-B37B-23E625C6736A} = {4E2A3B5D-8D0E-4873-96E0-B6299631039A}
		{A2FA32E3-B962-41CF-80CA-BFD7630CB557} = {4E2A3B5D-8D0E-4873-96E0-B6299631039A}
		{A991476E-005C-45CF-8F70-A7645F8FCDFB} = {4E2A3B5D-8D0E-4873-96E0-B6299631039A}
		{94306C20-3D5F-4AD0-93EF-F1FB87BB30C7} = {A45A53D5-4A0F-4E54-B37B-23E625C6736A}
		{AB5116E6-F29A-4487-A075-7D84134C34D5} = {A45A53D5-4A0F-4E54-B37B-23E625C6736A}
		{718F917C-13E1-4AF7-8B1C-B4677F39CCC9} = {A2FA32E3-B962-41CF-80CA-BFD7630CB557}
		{96AADAAC-285A-427B-8587-92DA4F5D34D5} = {A2FA32E3-B962-41CF-80CA-BFD7630CB557}
		{E8115C6F-A17B-4551-9D61-7274E6D6CF84} = {A991476E-005C-45CF-8F70-A7645F8FCDFB}
		{0C95B5A6-04B7-41A2-BC68-446E0381C663} = {A991476E-005C-45CF-8F70-A7645F8FCDFB}
		{43630AD0-73D0-40F0-A083-5E2C2FEBC326} = {94306C20-3D5F-4AD0-93EF-F1FB87BB30C7}
		{1FA7DA2D-F0DF-4655-80D1-0C01B66B35A8} = {94306C20-3D5F-4AD0-93EF-F1FB87BB30C7}
		{BAB63221-4F76-4581-860B-A04691B5DA67} = {94306C20-3D5F-4AD0-93EF-F1FB87BB30C7}
		{8C08AE5A-3809-45AD-8118-AE256419ECE2} = {94306C20-3D5F-4AD0-93EF-F1FB87BB30C7}
		{504B712B-5C1C-4A67-97A4-DD99A469F702} = {94306C20-3D5F-4AD0-93EF-F1FB87BB30C7}
		{F5095CE4-67A1-4F69-86D6-905E00445144} = {94306C20-3D5F-4AD0-93EF-F1FB87BB30C7}
		{5146654A-24A8-41F1-98DF-06003169D86D} = {94306C20-3D5F-4AD0-93EF-F1FB87BB30C7}
		{1129F23D-52DB-4E16-B3C3-BFF93964C8A6} = {94306C20-3D5F-4AD0-93EF-F1FB87BB30C7}
		{66188710-03DD-4226-A6CA-1D2BE072CD02} = {AB5116E6-F29A-4487-A075-7D84134C34D5}
		{336D7DE3-32D8-464E-9884-68E0F571C6D4} = {718F917C-13E1-4AF7-8B1C-B4677F39CCC9}
		{62AC5515-17DC-412B-BA7B-F96AEF78AFF3} = {718F917C-13E1-4AF7-8B1C-B4677F39CCC9}
		{7E0F2CF7-FFCD-4113-9CBA-EADEEAD933E8} = {718F917C-13E1-4AF7-8B1C-B4677F39CCC9}
		{11ADEAD2-CF50-47B2-94E4-9572C4B59283} = {718F917C-13E1-4AF7-8B1C-B4677F39CCC9}
		{7CD98233-5528-4BE6-8299-17DF3BC9DA4E} = {718F917C-13E1-4AF7-8B1C-B4677F39CCC9}
		{0ECE0842-1AAA-433F-858F-5DAF221AA9C0} = {96AADAAC-285A-427B-8587-92DA4F5D34D5}
		{A9ADBFA6-E7D4-424A-A1E8-592DF2D34FF3} = {E8115C6F-A17B-4551-9D61-7274E6D6CF84}
		{22A0F29D-B272-412E-B108-F539AF3E01C6} = {E8115C6F-A17B-4551-9D61-7274E6D6CF84}
		{3F4AB3CD-15A2-4D5F-B7D7-CB1407AB74E9} = {E8115C6F-A17B-4551-9D61-7274E6D6CF84}
		{D208B9B3-6ED5-4C36-831F-FD067C3B8DF4} = {E8115C6F-A17B-4551-9D61-7274E6D6CF84}
		{4735F948-A4FD-481A-AF03-7FF88917E3C6} = {E8115C6F-A17B-4551-9D61-7274E6D6CF84}
		{5FDA94E9-3EED-4FF1-92DD-5F8DAF20D9F4} = {E8115C6F-A17B-4551-9D61-7274E6D6CF84}
		{9776E03C-DA9A-49C9-A8BE-7542DA645896} = {0C95B5A6-04B7-41A2-BC68-446E0381C663}
		{4DAC9CAF-5504-4C51-8D80-7003D6429BDA} = {F9D50036-2BE6-49F9-915E-0DB2A7A02076}
		{AC247DC9-7E7C-4DDE-80E2-7384A64D79F0} = {D1E261E9-81BB-4447-B94D-796FE9E46F2F}
		{CA19159A-9E56-4140-B33D-74F715BCB457} = {D1E261E9-81BB-4447-B94D-796FE9E46F2F}
	EndGlobalSection
EndGlobal
